
Microsoft Visual Studio Solution File, Format Version 12.00
# Visual Studio Version 16
VisualStudioVersion = 16.0.29609.76
MinimumVisualStudioVersion = 10.0.40219.1
Project("{FAE04EC0-301F-11D3-BF4B-00C04F79EFBC}") = "QuikFix", "QuikFix.csproj", "{DB225C26-47AD-415A-8B1A-BC282E512213}"
EndProject
Global
	GlobalSection(SolutionConfigurationPlatforms) = preSolution
		Debug|Any CPU = Debug|Any CPU
		Release|Any CPU = Release|Any CPU
	EndGlobalSection
	GlobalSection(ProjectConfigurationPlatforms) = postSolution
		{DB225C26-47AD-415A-8B1A-BC282E512213}.Debug|Any CPU.ActiveCfg = Debug|Any CPU
		{DB225C26-47AD-415A-8B1A-BC282E512213}.Debug|Any CPU.Build.0 = Debug|Any CPU
		{DB225C26-47AD-415A-8B1A-BC282E512213}.Release|Any CPU.ActiveCfg = Release|Any CPU
		{DB225C26-47AD-415A-8B1A-BC282E512213}.Release|Any CPU.Build.0 = Release|Any CPU
	EndGlobalSection
	GlobalSection(SolutionProperties) = preSolution
		HideSolutionNode = FALSE
	EndGlobalSection
	GlobalSection(ExtensibilityGlobals) = postSolution
		SolutionGuid = {59650C52-ACF2-4FBC-B34C-9468A26717C1}
	EndGlobalSection
EndGlobal
